
Microsoft Visual Studio Solution File, Format Version 12.00
# Visual Studio Version 17
VisualStudioVersion = 17.0.31903.59
MinimumVisualStudioVersion = 10.0.40219.1
Project("{FAE04EC0-301F-11D3-BF4B-00C04F79EFBC}") = "Calculator", "Calculator\Calculator.csproj", "{86549045-5DBB-48BD-A8FF-FAE32707F143}"
EndProject
Project("{FAE04EC0-301F-11D3-BF4B-00C04F79EFBC}") = "Tests", "Tests\Tests.csproj", "{2B14714A-45D6-4BE3-A1B4-CF3CA2A09E84}"
EndProject
Global
	GlobalSection(SolutionConfigurationPlatforms) = preSolution
		Debug|Any CPU = Debug|Any CPU
		Release|Any CPU = Release|Any CPU
	EndGlobalSection
	GlobalSection(SolutionProperties) = preSolution
		HideSolutionNode = FALSE
	EndGlobalSection
	GlobalSection(ProjectConfigurationPlatforms) = postSolution
		{86549045-5DBB-48BD-A8FF-FAE32707F143}.Debug|Any CPU.ActiveCfg = Debug|Any CPU
		{86549045-5DBB-48BD-A8FF-FAE32707F143}.Debug|Any CPU.Build.0 = Debug|Any CPU
		{86549045-5DBB-48BD-A8FF-FAE32707F143}.Release|Any CPU.ActiveCfg = Release|Any CPU
		{86549045-5DBB-48BD-A8FF-FAE32707F143}.Release|Any CPU.Build.0 = Release|Any CPU
		{2B14714A-45D6-4BE3-A1B4-CF3CA2A09E84}.Debug|Any CPU.ActiveCfg = Debug|Any CPU
		{2B14714A-45D6-4BE3-A1B4-CF3CA2A09E84}.Debug|Any CPU.Build.0 = Debug|Any CPU
		{2B14714A-45D6-4BE3-A1B4-CF3CA2A09E84}.Release|Any CPU.ActiveCfg = Release|Any CPU
		{2B14714A-45D6-4BE3-A1B4-CF3CA2A09E84}.Release|Any CPU.Build.0 = Release|Any CPU
	EndGlobalSection
EndGlobal
